
Microsoft Visual Studio Solution File, Format Version 12.00
# Visual Studio 15
VisualStudioVersion = 15.0.28307.168
MinimumVisualStudioVersion = 10.0.40219.1
Project("{FAE04EC0-301F-11D3-BF4B-00C04F79EFBC}") = "UpdatedWeather.Android", "UpdatedWeather\UpdatedWeather.Android\UpdatedWeather.Android.csproj", "{491C8193-CB23-4B4D-8B8F-4B9F2018B127}"
EndProject
Project("{FAE04EC0-301F-11D3-BF4B-00C04F79EFBC}") = "UpdatedWeather.iOS", "UpdatedWeather\UpdatedWeather.iOS\UpdatedWeather.iOS.csproj", "{6AEB016D-0B34-4379-AA7B-347FAF730B25}"
EndProject
Project("{FAE04EC0-301F-11D3-BF4B-00C04F79EFBC}") = "UpdatedWeather", "UpdatedWeather\UpdatedWeather\UpdatedWeather.csproj", "{56232D17-9546-4140-A83E-0C5E51010DFB}"
EndProject
Global
	GlobalSection(SolutionConfigurationPlatforms) = preSolution
		Ad-Hoc|Any CPU = Ad-Hoc|Any CPU
		Ad-Hoc|iPhone = Ad-Hoc|iPhone
		Ad-Hoc|iPhoneSimulator = Ad-Hoc|iPhoneSimulator
		AppStore|Any CPU = AppStore|Any CPU
		AppStore|iPhone = AppStore|iPhone
		AppStore|iPhoneSimulator = AppStore|iPhoneSimulator
		Debug|Any CPU = Debug|Any CPU
		Debug|iPhone = Debug|iPhone
		Debug|iPhoneSimulator = Debug|iPhoneSimulator
		Release|Any CPU = Release|Any CPU
		Release|iPhone = Release|iPhone
		Release|iPhoneSimulator = Release|iPhoneSimulator
	EndGlobalSection
	GlobalSection(ProjectConfigurationPlatforms) = postSolution
		{491C8193-CB23-4B4D-8B8F-4B9F2018B127}.Ad-Hoc|Any CPU.ActiveCfg = Release|Any CPU
		{491C8193-CB23-4B4D-8B8F-4B9F2018B127}.Ad-Hoc|Any CPU.Build.0 = Release|Any CPU
		{491C8193-CB23-4B4D-8B8F-4B9F2018B127}.Ad-Hoc|Any CPU.Deploy.0 = Release|Any CPU
		{491C8193-CB23-4B4D-8B8F-4B9F2018B127}.Ad-Hoc|iPhone.ActiveCfg = Release|Any CPU
		{491C8193-CB23-4B4D-8B8F-4B9F2018B127}.Ad-Hoc|iPhone.Build.0 = Release|Any CPU
		{491C8193-CB23-4B4D-8B8F-4B9F2018B127}.Ad-Hoc|iPhone.Deploy.0 = Release|Any CPU
		{491C8193-CB23-4B4D-8B8F-4B9F2018B127}.Ad-Hoc|iPhoneSimulator.ActiveCfg = Release|Any CPU
		{491C8193-CB23-4B4D-8B8F-4B9F2018B127}.Ad-Hoc|iPhoneSimulator.Build.0 = Release|Any CPU
		{491C8193-CB23-4B4D-8B8F-4B9F2018B127}.Ad-Hoc|iPhoneSimulator.Deploy.0 = Release|Any CPU
		{491C8193-CB23-4B4D-8B8F-4B9F2018B127}.AppStore|Any CPU.ActiveCfg = Release|Any CPU
		{491C8193-CB23-4B4D-8B8F-4B9F2018B127}.AppStore|Any CPU.Build.0 = Release|Any CPU
		{491C8193-CB23-4B4D-8B8F-4B9F2018B127}.AppStore|Any CPU.Deploy.0 = Release|Any CPU
		{491C8193-CB23-4B4D-8B8F-4B9F2018B127}.AppStore|iPhone.ActiveCfg = Release|Any CPU
		{491C8193-CB23-4B4D-8B8F-4B9F2018B127}.AppStore|iPhone.Build.0 = Release|Any CPU
		{491C8193-CB23-4B4D-8B8F-4B9F2018B127}.AppStore|iPhone.Deploy.0 = Release|Any CPU
		{491C8193-CB23-4B4D-8B8F-4B9F2018B127}.AppStore|iPhoneSimulator.ActiveCfg = Release|Any CPU
		{491C8193-CB23-4B4D-8B8F-4B9F2018B127}.AppStore|iPhoneSimulator.Build.0 = Release|Any CPU
		{491C8193-CB23-4B4D-8B8F-4B9F2018B127}.AppStore|iPhoneSimulator.Deploy.0 = Release|Any CPU
		{491C8193-CB23-4B4D-8B8F-4B9F2018B127}.Debug|Any CPU.ActiveCfg = Debug|Any CPU
		{491C8193-CB23-4B4D-8B8F-4B9F2018B127}.Debug|Any CPU.Build.0 = Debug|Any CPU
		{491C8193-CB23-4B4D-8B8F-4B9F2018B127}.Debug|Any CPU.Deploy.0 = Debug|Any CPU
		{491C8193-CB23-4B4D-8B8F-4B9F2018B127}.Debug|iPhone.ActiveCfg = Debug|Any CPU
		{491C8193-CB23-4B4D-8B8F-4B9F2018B127}.Debug|iPhone.Build.0 = Debug|Any CPU
		{491C8193-CB23-4B4D-8B8F-4B9F2018B127}.Debug|iPhone.Deploy.0 = Debug|Any CPU
		{491C8193-CB23-4B4D-8B8F-4B9F2018B127}.Debug|iPhoneSimulator.ActiveCfg = Debug|Any CPU
		{491C8193-CB23-4B4D-8B8F-4B9F2018B127}.Debug|iPhoneSimulator.Build.0 = Debug|Any CPU
		{491C8193-CB23-4B4D-8B8F-4B9F2018B127}.Debug|iPhoneSimulator.Deploy.0 = Debug|Any CPU
		{491C8193-CB23-4B4D-8B8F-4B9F2018B127}.Release|Any CPU.ActiveCfg = Release|Any CPU
		{491C8193-CB23-4B4D-8B8F-4B9F2018B127}.Release|Any CPU.Build.0 = Release|Any CPU
		{491C8193-CB23-4B4D-8B8F-4B9F2018B127}.Release|Any CPU.Deploy.0 = Release|Any CPU
		{491C8193-CB23-4B4D-8B8F-4B9F2018B127}.Release|iPhone.ActiveCfg = Release|Any CPU
		{491C8193-CB23-4B4D-8B8F-4B9F2018B127}.Release|iPhone.Build.0 = Release|Any CPU
		{491C8193-CB23-4B4D-8B8F-4B9F2018B127}.Release|iPhone.Deploy.0 = Release|Any CPU
		{491C8193-CB23-4B4D-8B8F-4B9F2018B127}.Release|iPhoneSimulator.ActiveCfg = Release|Any CPU
		{491C8193-CB23-4B4D-8B8F-4B9F2018B127}.Release|iPhoneSimulator.Build.0 = Release|Any CPU
		{491C8193-CB23-4B4D-8B8F-4B9F2018B127}.Release|iPhoneSimulator.Deploy.0 = Release|Any CPU
		{6AEB016D-0B34-4379-AA7B-347FAF730B25}.Ad-Hoc|Any CPU.ActiveCfg = Ad-Hoc|iPhone
		{6AEB016D-0B34-4379-AA7B-347FAF730B25}.Ad-Hoc|Any CPU.Build.0 = Ad-Hoc|iPhone
		{6AEB016D-0B34-4379-AA7B-347FAF730B25}.Ad-Hoc|Any CPU.Deploy.0 = Ad-Hoc|iPhone
		{6AEB016D-0B34-4379-AA7B-347FAF730B25}.Ad-Hoc|iPhone.ActiveCfg = Ad-Hoc|iPhone
		{6AEB016D-0B34-4379-AA7B-347FAF730B25}.Ad-Hoc|iPhone.Build.0 = Ad-Hoc|iPhone
		{6AEB016D-0B34-4379-AA7B-347FAF730B25}.Ad-Hoc|iPhone.Deploy.0 = Ad-Hoc|iPhone
		{6AEB016D-0B34-4379-AA7B-347FAF730B25}.Ad-Hoc|iPhoneSimulator.ActiveCfg = Ad-Hoc|iPhoneSimulator
		{6AEB016D-0B34-4379-AA7B-347FAF730B25}.Ad-Hoc|iPhoneSimulator.Build.0 = Ad-Hoc|iPhoneSimulator
		{6AEB016D-0B34-4379-AA7B-347FAF730B25}.Ad-Hoc|iPhoneSimulator.Deploy.0 = Ad-Hoc|iPhoneSimulator
		{6AEB016D-0B34-4379-AA7B-347FAF730B25}.AppStore|Any CPU.ActiveCfg = AppStore|iPhone
		{6AEB016D-0B34-4379-AA7B-347FAF730B25}.AppStore|Any CPU.Build.0 = AppStore|iPhone
		{6AEB016D-0B34-4379-AA7B-347FAF730B25}.AppStore|Any CPU.Deploy.0 = AppStore|iPhone
		{6AEB016D-0B34-4379-AA7B-347FAF730B25}.AppStore|iPhone.ActiveCfg = AppStore|iPhone
		{6AEB016D-0B34-4379-AA7B-347FAF730B25}.AppStore|iPhone.Build.0 = AppStore|iPhone
		{6AEB016D-0B34-4379-AA7B-347FAF730B25}.AppStore|iPhone.Deploy.0 = AppStore|iPhone
		{6AEB016D-0B34-4379-AA7B-347FAF730B25}.AppStore|iPhoneSimulator.ActiveCfg = AppStore|iPhoneSimulator
		{6AEB016D-0B34-4379-AA7B-347FAF730B25}.AppStore|iPhoneSimulator.Build.0 = AppStore|iPhoneSimulator
		{6AEB016D-0B34-4379-AA7B-347FAF730B25}.AppStore|iPhoneSimulator.Deploy.0 = AppStore|iPhoneSimulator
		{6AEB016D-0B34-4379-AA7B-347FAF730B25}.Debug|Any CPU.ActiveCfg = Debug|iPhoneSimulator
		{6AEB016D-0B34-4379-AA7B-347FAF730B25}.Debug|Any CPU.Build.0 = Debug|iPhoneSimulator
		{6AEB016D-0B34-4379-AA7B-347FAF730B25}.Debug|Any CPU.Deploy.0 = Debug|iPhoneSimulator
		{6AEB016D-0B34-4379-AA7B-347FAF730B25}.Debug|iPhone.ActiveCfg = Debug|iPhone
		{6AEB016D-0B34-4379-AA7B-347FAF730B25}.Debug|iPhone.Build.0 = Debug|iPhone
		{6AEB016D-0B34-4379-AA7B-347FAF730B25}.Debug|iPhone.Deploy.0 = Debug|iPhone
		{6AEB016D-0B34-4379-AA7B-347FAF730B25}.Debug|iPhoneSimulator.ActiveCfg = Debug|iPhoneSimulator
		{6AEB016D-0B34-4379-AA7B-347FAF730B25}.Debug|iPhoneSimulator.Build.0 = Debug|iPhoneSimulator
		{6AEB016D-0B34-4379-AA7B-347FAF730B25}.Debug|iPhoneSimulator.Deploy.0 = Debug|iPhoneSimulator
		{6AEB016D-0B34-4379-AA7B-347FAF730B25}.Release|Any CPU.ActiveCfg = Release|iPhone
		{6AEB016D-0B34-4379-AA7B-347FAF730B25}.Release|Any CPU.Build.0 = Release|iPhone
		{6AEB016D-0B34-4379-AA7B-347FAF730B25}.Release|Any CPU.Deploy.0 = Release|iPhone
		{6AEB016D-0B34-4379-AA7B-347FAF730B25}.Release|iPhone.ActiveCfg = Release|iPhone
		{6AEB016D-0B34-4379-AA7B-347FAF730B25}.Release|iPhone.Build.0 = Release|iPhone
		{6AEB016D-0B34-4379-AA7B-347FAF730B25}.Release|iPhone.Deploy.0 = Release|iPhone
		{6AEB016D-0B34-4379-AA7B-347FAF730B25}.Release|iPhoneSimulator.ActiveCfg = Release|iPhoneSimulator
		{6AEB016D-0B34-4379-AA7B-347FAF730B25}.Release|iPhoneSimulator.Build.0 = Release|iPhoneSimulator
		{6AEB016D-0B34-4379-AA7B-347FAF730B25}.Release|iPhoneSimulator.Deploy.0 = Release|iPhoneSimulator
		{56232D17-9546-4140-A83E-0C5E51010DFB}.Ad-Hoc|Any CPU.ActiveCfg = Debug|Any CPU
		{56232D17-9546-4140-A83E-0C5E51010DFB}.Ad-Hoc|Any CPU.Build.0 = Debug|Any CPU
		{56232D17-9546-4140-A83E-0C5E51010DFB}.Ad-Hoc|Any CPU.Deploy.0 = Debug|Any CPU
		{56232D17-9546-4140-A83E-0C5E51010DFB}.Ad-Hoc|iPhone.ActiveCfg = Debug|Any CPU
		{56232D17-9546-4140-A83E-0C5E51010DFB}.Ad-Hoc|iPhone.Build.0 = Debug|Any CPU
		{56232D17-9546-4140-A83E-0C5E51010DFB}.Ad-Hoc|iPhone.Deploy.0 = Debug|Any CPU
		{56232D17-9546-4140-A83E-0C5E51010DFB}.Ad-Hoc|iPhoneSimulator.ActiveCfg = Debug|Any CPU
		{56232D17-9546-4140-A83E-0C5E51010DFB}.Ad-Hoc|iPhoneSimulator.Build.0 = Debug|Any CPU
		{56232D17-9546-4140-A83E-0C5E51010DFB}.Ad-Hoc|iPhoneSimulator.Deploy.0 = Debug|Any CPU
		{56232D17-9546-4140-A83E-0C5E51010DFB}.AppStore|Any CPU.ActiveCfg = Debug|Any CPU
		{56232D17-9546-4140-A83E-0C5E51010DFB}.AppStore|Any CPU.Build.0 = Debug|Any CPU
		{56232D17-9546-4140-A83E-0C5E51010DFB}.AppStore|Any CPU.Deploy.0 = Debug|Any CPU
		{56232D17-9546-4140-A83E-0C5E51010DFB}.AppStore|iPhone.ActiveCfg = Debug|Any CPU
		{56232D17-9546-4140-A83E-0C5E51010DFB}.AppStore|iPhone.Build.0 = Debug|Any CPU
		{56232D17-9546-4140-A83E-0C5E51010DFB}.AppStore|iPhone.Deploy.0 = Debug|Any CPU
		{56232D17-9546-4140-A83E-0C5E51010DFB}.AppStore|iPhoneSimulator.ActiveCfg = Debug|Any CPU
		{56232D17-9546-4140-A83E-0C5E51010DFB}.AppStore|iPhoneSimulator.Build.0 = Debug|Any CPU
		{56232D17-9546-4140-A83E-0C5E51010DFB}.AppStore|iPhoneSimulator.Deploy.0 = Debug|Any CPU
		{56232D17-9546-4140-A83E-0C5E51010DFB}.Debug|Any CPU.ActiveCfg = Debug|Any CPU
		{56232D17-9546-4140-A83E-0C5E51010DFB}.Debug|Any CPU.Build.0 = Debug|Any CPU
		{56232D17-9546-4140-A83E-0C5E51010DFB}.Debug|Any CPU.Deploy.0 = Debug|Any CPU
		{56232D17-9546-4140-A83E-0C5E51010DFB}.Debug|iPhone.ActiveCfg = Debug|Any CPU
		{56232D17-9546-4140-A83E-0C5E51010DFB}.Debug|iPhone.Build.0 = Debug|Any CPU
		{56232D17-9546-4140-A83E-0C5E51010DFB}.Debug|iPhone.Deploy.0 = Debug|Any CPU
		{56232D17-9546-4140-A83E-0C5E51010DFB}.Debug|iPhoneSimulator.ActiveCfg = Debug|Any CPU
		{56232D17-9546-4140-A83E-0C5E51010DFB}.Debug|iPhoneSimulator.Build.0 = Debug|Any CPU
		{56232D17-9546-4140-A83E-0C5E51010DFB}.Debug|iPhoneSimulator.Deploy.0 = Debug|Any CPU
		{56232D17-9546-4140-A83E-0C5E51010DFB}.Release|Any CPU.ActiveCfg = Release|Any CPU
		{56232D17-9546-4140-A83E-0C5E51010DFB}.Release|Any CPU.Build.0 = Release|Any CPU
		{56232D17-9546-4140-A83E-0C5E51010DFB}.Release|Any CPU.Deploy.0 = Release|Any CPU
		{56232D17-9546-4140-A83E-0C5E51010DFB}.Release|iPhone.ActiveCfg = Release|Any CPU
		{56232D17-9546-4140-A83E-0C5E51010DFB}.Release|iPhone.Build.0 = Release|Any CPU
		{56232D17-9546-4140-A83E-0C5E51010DFB}.Release|iPhone.Deploy.0 = Release|Any CPU
		{56232D17-9546-4140-A83E-0C5E51010DFB}.Release|iPhoneSimulator.ActiveCfg = Release|Any CPU
		{56232D17-9546-4140-A83E-0C5E51010DFB}.Release|iPhoneSimulator.Build.0 = Release|Any CPU
		{56232D17-9546-4140-A83E-0C5E51010DFB}.Release|iPhoneSimulator.Deploy.0 = Release|Any CPU
	EndGlobalSection
	GlobalSection(SolutionProperties) = preSolution
		HideSolutionNode = FALSE
	EndGlobalSection
	GlobalSection(ExtensibilityGlobals) = postSolution
		SolutionGuid = {7EABCAF2-11CD-4D21-924E-F03F0293EB20}
	EndGlobalSection
EndGlobal
